
Microsoft Visual Studio Solution File, Format Version 12.00
# Visual Studio Version 17
VisualStudioVersion = 17.7.34031.279
MinimumVisualStudioVersion = 10.0.40219.1
Project("{FAE04EC0-301F-11D3-BF4B-00C04F79EFBC}") = "ConsoleApp1", "ConsoleApp1.csproj", "{85DFDD34-CBAA-4BC7-839A-827E15886BB4}"
EndProject
Global
	GlobalSection(SolutionConfigurationPlatforms) = preSolution
		Debug|Any CPU = Debug|Any CPU
		Release|Any CPU = Release|Any CPU
	EndGlobalSection
	GlobalSection(ProjectConfigurationPlatforms) = postSolution
		{85DFDD34-CBAA-4BC7-839A-827E15886BB4}.Debug|Any CPU.ActiveCfg = Debug|Any CPU
		{85DFDD34-CBAA-4BC7-839A-827E15886BB4}.Debug|Any CPU.Build.0 = Debug|Any CPU
		{85DFDD34-CBAA-4BC7-839A-827E15886BB4}.Release|Any CPU.ActiveCfg = Release|Any CPU
		{85DFDD34-CBAA-4BC7-839A-827E15886BB4}.Release|Any CPU.Build.0 = Release|Any CPU
	EndGlobalSection
	GlobalSection(SolutionProperties) = preSolution
		HideSolutionNode = FALSE
	EndGlobalSection
	GlobalSection(ExtensibilityGlobals) = postSolution
		SolutionGuid = {250092C5-CA2B-495F-9492-407DAAE8C675}
	EndGlobalSection
EndGlobal
